// !$*UTF8*$!
{
	archiveVersion = 1;
	classes = {
	};
	objectVersion = 50;
	objects = {

/* Begin PBXBuildFile section */
		0E08E1BB372907DE9D4CABF7 /* Pods_EAIntroView.framework in Frameworks */ = {isa = PBXBuildFile; fileRef = 4FED11A29CB7947E5907C3EC /* Pods_EAIntroView.framework */; };
		B802538C20EDBBC900EEF1B9 /* IntroPage.xib in Resources */ = {isa = PBXBuildFile; fileRef = B802538B20EDBBC900EEF1B9 /* IntroPage.xib */; };
		B8765C1920ECB7E2004315AA /* AppDelegate.m in Sources */ = {isa = PBXBuildFile; fileRef = B8765C1820ECB7E2004315AA /* AppDelegate.m */; };
		B8765C1C20ECB7E2004315AA /* ViewController.m in Sources */ = {isa = PBXBuildFile; fileRef = B8765C1B20ECB7E2004315AA /* ViewController.m */; };
		B8765C1F20ECB7E2004315AA /* Main.storyboard in Resources */ = {isa = PBXBuildFile; fileRef = B8765C1D20ECB7E2004315AA /* Main.storyboard */; };
		B8765C2120ECB7E3004315AA /* Assets.xcassets in Resources */ = {isa = PBXBuildFile; fileRef = B8765C2020ECB7E3004315AA /* Assets.xcassets */; };
		B8765C2420ECB7E3004315AA /* LaunchScreen.storyboard in Resources */ = {isa = PBXBuildFile; fileRef = B8765C2220ECB7E3004315AA /* LaunchScreen.storyboard */; };
		B8765C2720ECB7E3004315AA /* main.m in Sources */ = {isa = PBXBuildFile; fileRef = B8765C2620ECB7E3004315AA /* main.m */; };
		B8765C3120ECB7E3004315AA /* EAIntroViewTests.m in Sources */ = {isa = PBXBuildFile; fileRef = B8765C3020ECB7E3004315AA /* EAIntroViewTests.m */; };
		B8765C3C20ECB7E3004315AA /* EAIntroViewUITests.m in Sources */ = {isa = PBXBuildFile; fileRef = B8765C3B20ECB7E3004315AA /* EAIntroViewUITests.m */; };
/* End PBXBuildFile section */

/* Begin PBXContainerItemProxy section */
		B8765C2D20ECB7E3004315AA /* PBXContainerItemProxy */ = {
			isa = PBXContainerItemProxy;
			containerPortal = B8765C0C20ECB7E2004315AA /* Project object */;
			proxyType = 1;
			remoteGlobalIDString = B8765C1320ECB7E2004315AA;
			remoteInfo = EAIntroView;
		};
		B8765C3820ECB7E3004315AA /* PBXContainerItemProxy */ = {
			isa = PBXContainerItemProxy;
			containerPortal = B8765C0C20ECB7E2004315AA /* Project object */;
			proxyType = 1;
			remoteGlobalIDString = B8765C1320ECB7E2004315AA;
			remoteInfo = EAIntroView;
		};
/* End PBXContainerItemProxy section */

/* Begin PBXFileReference section */
		4FED11A29CB7947E5907C3EC /* Pods_EAIntroView.framework */ = {isa = PBXFileReference; explicitFileType = wrapper.framework; includeInIndex = 0; path = Pods_EAIntroView.framework; sourceTree = BUILT_PRODUCTS_DIR; };
		9819294466D8F190C263A707 /* Pods-EAIntroView.debug.xcconfig */ = {isa = PBXFileReference; includeInIndex = 1; lastKnownFileType = text.xcconfig; name = "Pods-EAIntroView.debug.xcconfig"; path = "Pods/Target Support Files/Pods-EAIntroView/Pods-EAIntroView.debug.xcconfig"; sourceTree = "<group>"; };
		B802538B20EDBBC900EEF1B9 /* IntroPage.xib */ = {isa = PBXFileReference; fileEncoding = 4; lastKnownFileType = file.xib; path = IntroPage.xib; sourceTree = "<group>"; };
		B8765C1420ECB7E2004315AA /* EAIntroView.app */ = {isa = PBXFileReference; explicitFileType = wrapper.application; includeInIndex = 0; path = EAIntroView.app; sourceTree = BUILT_PRODUCTS_DIR; };
		B8765C1720ECB7E2004315AA /* AppDelegate.h */ = {isa = PBXFileReference; lastKnownFileType = sourcecode.c.h; path = AppDelegate.h; sourceTree = "<group>"; };
		B8765C1820ECB7E2004315AA /* AppDelegate.m */ = {isa = PBXFileReference; lastKnownFileType = sourcecode.c.objc; path = AppDelegate.m; sourceTree = "<group>"; };
		B8765C1A20ECB7E2004315AA /* ViewController.h */ = {isa = PBXFileReference; lastKnownFileType = sourcecode.c.h; path = ViewController.h; sourceTree = "<group>"; };
		B8765C1B20ECB7E2004315AA /* ViewController.m */ = {isa = PBXFileReference; lastKnownFileType = sourcecode.c.objc; path = ViewController.m; sourceTree = "<group>"; };
		B8765C1E20ECB7E2004315AA /* Base */ = {isa = PBXFileReference; lastKnownFileType = file.storyboard; name = Base; path = Base.lproj/Main.storyboard; sourceTree = "<group>"; };
		B8765C2020ECB7E3004315AA /* Assets.xcassets */ = {isa = PBXFileReference; lastKnownFileType = folder.assetcatalog; path = Assets.xcassets; sourceTree = "<group>"; };
		B8765C2320ECB7E3004315AA /* Base */ = {isa = PBXFileReference; lastKnownFileType = file.storyboard; name = Base; path = Base.lproj/LaunchScreen.storyboard; sourceTree = "<group>"; };
		B8765C2520ECB7E3004315AA /* Info.plist */ = {isa = PBXFileReference; lastKnownFileType = text.plist.xml; path = Info.plist; sourceTree = "<group>"; };
		B8765C2620ECB7E3004315AA /* main.m */ = {isa = PBXFileReference; lastKnownFileType = sourcecode.c.objc; path = main.m; sourceTree = "<group>"; };
		B8765C2C20ECB7E3004315AA /* EAIntroViewTests.xctest */ = {isa = PBXFileReference; explicitFileType = wrapper.cfbundle; includeInIndex = 0; path = EAIntroViewTests.xctest; sourceTree = BUILT_PRODUCTS_DIR; };
		B8765C3020ECB7E3004315AA /* EAIntroViewTests.m */ = {isa = PBXFileReference; lastKnownFileType = sourcecode.c.objc; path = EAIntroViewTests.m; sourceTree = "<group>"; };
		B8765C3220ECB7E3004315AA /* Info.plist */ = {isa = PBXFileReference; lastKnownFileType = text.plist.xml; path = Info.plist; sourceTree = "<group>"; };
		B8765C3720ECB7E3004315AA /* EAIntroViewUITests.xctest */ = {isa = PBXFileReference; explicitFileType = wrapper.cfbundle; includeInIndex = 0; path = EAIntroViewUITests.xctest; sourceTree = BUILT_PRODUCTS_DIR; };
		B8765C3B20ECB7E3004315AA /* EAIntroViewUITests.m */ = {isa = PBXFileReference; lastKnownFileType = sourcecode.c.objc; path = EAIntroViewUITests.m; sourceTree = "<group>"; };
		B8765C3D20ECB7E3004315AA /* Info.plist */ = {isa = PBXFileReference; lastKnownFileType = text.plist.xml; path = Info.plist; sourceTree = "<group>"; };
		D8280BA9DF3E1917817F60DA /* Pods-EAIntroView.release.xcconfig */ = {isa = PBXFileReference; includeInIndex = 1; lastKnownFileType = text.xcconfig; name = "Pods-EAIntroView.release.xcconfig"; path = "Pods/Target Support Files/Pods-EAIntroView/Pods-EAIntroView.release.xcconfig"; sourceTree = "<group>"; };
/* End PBXFileReference section */

/* Begin PBXFrameworksBuildPhase section */
		B8765C1120ECB7E2004315AA /* Frameworks */ = {
			isa = PBXFrameworksBuildPhase;
			buildActionMask = 2147483647;
			files = (
				0E08E1BB372907DE9D4CABF7 /* Pods_EAIntroView.framework in Frameworks */,
			);
			runOnlyForDeploymentPostprocessing = 0;
		};
		B8765C2920ECB7E3004315AA /* Frameworks */ = {
			isa = PBXFrameworksBuildPhase;
			buildActionMask = 2147483647;
			files = (
			);
			runOnlyForDeploymentPostprocessing = 0;
		};
		B8765C3420ECB7E3004315AA /* Frameworks */ = {
			isa = PBXFrameworksBuildPhase;
			buildActionMask = 2147483647;
			files = (
			);
			runOnlyForDeploymentPostprocessing = 0;
		};
/* End PBXFrameworksBuildPhase section */

/* Begin PBXGroup section */
		3661C6993E64B44B452E2703 /* Frameworks */ = {
			isa = PBXGroup;
			children = (
				4FED11A29CB7947E5907C3EC /* Pods_EAIntroView.framework */,
			);
			name = Frameworks;
			sourceTree = "<group>";
		};
		B8765C0B20ECB7E2004315AA = {
			isa = PBXGroup;
			children = (
				B8765C1620ECB7E2004315AA /* EAIntroView */,
				B8765C2F20ECB7E3004315AA /* EAIntroViewTests */,
				B8765C3A20ECB7E3004315AA /* EAIntroViewUITests */,
				B8765C1520ECB7E2004315AA /* Products */,
				F303FD10F98BA56315CD6053 /* Pods */,
				3661C6993E64B44B452E2703 /* Frameworks */,
			);
			sourceTree = "<group>";
		};
		B8765C1520ECB7E2004315AA /* Products */ = {
			isa = PBXGroup;
			children = (
				B8765C1420ECB7E2004315AA /* EAIntroView.app */,
				B8765C2C20ECB7E3004315AA /* EAIntroViewTests.xctest */,
				B8765C3720ECB7E3004315AA /* EAIntroViewUITests.xctest */,
			);
			name = Products;
			sourceTree = "<group>";
		};
		B8765C1620ECB7E2004315AA /* EAIntroView */ = {
			isa = PBXGroup;
			children = (
				B802538B20EDBBC900EEF1B9 /* IntroPage.xib */,
				B8765C1720ECB7E2004315AA /* AppDelegate.h */,
				B8765C1820ECB7E2004315AA /* AppDelegate.m */,
				B8765C1A20ECB7E2004315AA /* ViewController.h */,
				B8765C1B20ECB7E2004315AA /* ViewController.m */,
				B8765C1D20ECB7E2004315AA /* Main.storyboard */,
				B8765C2020ECB7E3004315AA /* Assets.xcassets */,
				B8765C2220ECB7E3004315AA /* LaunchScreen.storyboard */,
				B8765C2520ECB7E3004315AA /* Info.plist */,
				B8765C2620ECB7E3004315AA /* main.m */,
			);
			path = EAIntroView;
			sourceTree = "<group>";
		};
		B8765C2F20ECB7E3004315AA /* EAIntroViewTests */ = {
			isa = PBXGroup;
			children = (
				B8765C3020ECB7E3004315AA /* EAIntroViewTests.m */,
				B8765C3220ECB7E3004315AA /* Info.plist */,
			);
			path = EAIntroViewTests;
			sourceTree = "<group>";
		};
		B8765C3A20ECB7E3004315AA /* EAIntroViewUITests */ = {
			isa = PBXGroup;
			children = (
				B8765C3B20ECB7E3004315AA /* EAIntroViewUITests.m */,
				B8765C3D20ECB7E3004315AA /* Info.plist */,
			);
			path = EAIntroViewUITests;
			sourceTree = "<group>";
		};
		F303FD10F98BA56315CD6053 /* Pods */ = {
			isa = PBXGroup;
			children = (
				9819294466D8F190C263A707 /* Pods-EAIntroView.debug.xcconfig */,
				D8280BA9DF3E1917817F60DA /* Pods-EAIntroView.release.xcconfig */,
			);
			name = Pods;
			sourceTree = "<group>";
		};
/* End PBXGroup section */

/* Begin PBXNativeTarget section */
		B8765C1320ECB7E2004315AA /* EAIntroView */ = {
			isa = PBXNativeTarget;
			buildConfigurationList = B8765C4020ECB7E3004315AA /* Build configuration list for PBXNativeTarget "EAIntroView" */;
			buildPhases = (
				3C2090AFE2DED0AC7B6FF7C2 /* [CP] Check Pods Manifest.lock */,
				B8765C1020ECB7E2004315AA /* Sources */,
				B8765C1120ECB7E2004315AA /* Frameworks */,
				B8765C1220ECB7E2004315AA /* Resources */,
				BA1D698AFB3648B3A1BBE3CE /* [CP] Embed Pods Frameworks */,
			);
			buildRules = (
			);
			dependencies = (
			);
			name = EAIntroView;
			productName = EAIntroView;
			productReference = B8765C1420ECB7E2004315AA /* EAIntroView.app */;
			productType = "com.apple.product-type.application";
		};
		B8765C2B20ECB7E3004315AA /* EAIntroViewTests */ = {
			isa = PBXNativeTarget;
			buildConfigurationList = B8765C4320ECB7E3004315AA /* Build configuration list for PBXNativeTarget "EAIntroViewTests" */;
			buildPhases = (
				B8765C2820ECB7E3004315AA /* Sources */,
				B8765C2920ECB7E3004315AA /* Frameworks */,
				B8765C2A20ECB7E3004315AA /* Resources */,
			);
			buildRules = (
			);
			dependencies = (
				B8765C2E20ECB7E3004315AA /* PBXTargetDependency */,
			);
			name = EAIntroViewTests;
			productName = EAIntroViewTests;
			productReference = B8765C2C20ECB7E3004315AA /* EAIntroViewTests.xctest */;
			productType = "com.apple.product-type.bundle.unit-test";
		};
		B8765C3620ECB7E3004315AA /* EAIntroViewUITests */ = {
			isa = PBXNativeTarget;
			buildConfigurationList = B8765C4620ECB7E3004315AA /* Build configuration list for PBXNativeTarget "EAIntroViewUITests" */;
			buildPhases = (
				B8765C3320ECB7E3004315AA /* Sources */,
				B8765C3420ECB7E3004315AA /* Frameworks */,
				B8765C3520ECB7E3004315AA /* Resources */,
			);
			buildRules = (
			);
			dependencies = (
				B8765C3920ECB7E3004315AA /* PBXTargetDependency */,
			);
			name = EAIntroViewUITests;
			productName = EAIntroViewUITests;
			productReference = B8765C3720ECB7E3004315AA /* EAIntroViewUITests.xctest */;
			productType = "com.apple.product-type.bundle.ui-testing";
		};
/* End PBXNativeTarget section */

/* Begin PBXProject section */
		B8765C0C20ECB7E2004315AA /* Project object */ = {
			isa = PBXProject;
			attributes = {
				LastUpgradeCheck = 0940;
				ORGANIZATIONNAME = "郭嘉";
				TargetAttributes = {
					B8765C1320ECB7E2004315AA = {
						CreatedOnToolsVersion = 9.4.1;
					};
					B8765C2B20ECB7E3004315AA = {
						CreatedOnToolsVersion = 9.4.1;
						TestTargetID = B8765C1320ECB7E2004315AA;
					};
					B8765C3620ECB7E3004315AA = {
						CreatedOnToolsVersion = 9.4.1;
						TestTargetID = B8765C1320ECB7E2004315AA;
					};
				};
			};
			buildConfigurationList = B8765C0F20ECB7E2004315AA /* Build configuration list for PBXProject "EAIntroView" */;
			compatibilityVersion = "Xcode 9.3";
			developmentRegion = en;
			hasScannedForEncodings = 0;
			knownRegions = (
				en,
				Base,
			);
			mainGroup = B8765C0B20ECB7E2004315AA;
			productRefGroup = B8765C1520ECB7E2004315AA /* Products */;
			projectDirPath = "";
			projectRoot = "";
			targets = (
				B8765C1320ECB7E2004315AA /* EAIntroView */,
				B8765C2B20ECB7E3004315AA /* EAIntroViewTests */,
				B8765C3620ECB7E3004315AA /* EAIntroViewUITests */,
			);
		};
/* End PBXProject section */

/* Begin PBXResourcesBuildPhase section */
		B8765C1220ECB7E2004315AA /* Resources */ = {
			isa = PBXResourcesBuildPhase;
			buildActionMask = 2147483647;
			files = (
				B8765C2420ECB7E3004315AA /* LaunchScreen.storyboard in Resources */,
				B8765C2120ECB7E3004315AA /* Assets.xcassets in Resources */,
				B8765C1F20ECB7E2004315AA /* Main.storyboard in Resources */,
				B802538C20EDBBC900EEF1B9 /* IntroPage.xib in Resources */,
			);
			runOnlyForDeploymentPostprocessing = 0;
		};
		B8765C2A20ECB7E3004315AA /* Resources */ = {
			isa = PBXResourcesBuildPhase;
			buildActionMask = 2147483647;
			files = (
			);
			runOnlyForDeploymentPostprocessing = 0;
		};
		B8765C3520ECB7E3004315AA /* Resources */ = {
			isa = PBXResourcesBuildPhase;
			buildActionMask = 2147483647;
			files = (
			);
			runOnlyForDeploymentPostprocessing = 0;
		};
/* End PBXResourcesBuildPhase section */

/* Begin PBXShellScriptBuildPhase section */
		3C2090AFE2DED0AC7B6FF7C2 /* [CP] Check Pods Manifest.lock */ = {
			isa = PBXShellScriptBuildPhase;
			buildActionMask = 2147483647;
			files = (
			);
			inputPaths = (
				"${PODS_PODFILE_DIR_PATH}/Podfile.lock",
				"${PODS_ROOT}/Manifest.lock",
			);
			name = "[CP] Check Pods Manifest.lock";
			outputPaths = (
				"$(DERIVED_FILE_DIR)/Pods-EAIntroView-checkManifestLockResult.txt",
			);
			runOnlyForDeploymentPostprocessing = 0;
			shellPath = /bin/sh;
			shellScript = "diff \"${PODS_PODFILE_DIR_PATH}/Podfile.lock\" \"${PODS_ROOT}/Manifest.lock\" > /dev/null\nif [ $? != 0 ] ; then\n    # print error to STDERR\n    echo \"error: The sandbox is not in sync with the Podfile.lock. Run 'pod install' or update your CocoaPods installation.\" >&2\n    exit 1\nfi\n# This output is used by Xcode 'outputs' to avoid re-running this script phase.\necho \"SUCCESS\" > \"${SCRIPT_OUTPUT_FILE_0}\"\n";
			showEnvVarsInLog = 0;
		};
		BA1D698AFB3648B3A1BBE3CE /* [CP] Embed Pods Frameworks */ = {
			isa = PBXShellScriptBuildPhase;
			buildActionMask = 2147483647;
			files = (
			);
			inputPaths = (
				"${SRCROOT}/Pods/Target Support Files/Pods-EAIntroView/Pods-EAIntroView-frameworks.sh",
				"${BUILT_PRODUCTS_DIR}/EAIntroView/EAIntroView.framework",
				"${BUILT_PRODUCTS_DIR}/EARestrictedScrollView/EARestrictedScrollView.framework",
				"${BUILT_PRODUCTS_DIR}/SMPageControl/SMPageControl.framework",
			);
			name = "[CP] Embed Pods Frameworks";
			outputPaths = (
				"${TARGET_BUILD_DIR}/${FRAMEWORKS_FOLDER_PATH}/EAIntroView.framework",
				"${TARGET_BUILD_DIR}/${FRAMEWORKS_FOLDER_PATH}/EARestrictedScrollView.framework",
				"${TARGET_BUILD_DIR}/${FRAMEWORKS_FOLDER_PATH}/SMPageControl.framework",
			);
			runOnlyForDeploymentPostprocessing = 0;
			shellPath = /bin/sh;
			shellScript = "\"${SRCROOT}/Pods/Target Support Files/Pods-EAIntroView/Pods-EAIntroView-frameworks.sh\"\n";
			showEnvVarsInLog = 0;
		};
/* End PBXShellScriptBuildPhase section */

/* Begin PBXSourcesBuildPhase section */
		B8765C1020ECB7E2004315AA /* Sources */ = {
			isa = PBXSourcesBuildPhase;
			buildActionMask = 2147483647;
			files = (
				B8765C1C20ECB7E2004315AA /* ViewController.m in Sources */,
				B8765C2720ECB7E3004315AA /* main.m in Sources */,
				B8765C1920ECB7E2004315AA /* AppDelegate.m in Sources */,
			);
			runOnlyForDeploymentPostprocessing = 0;
		};
		B8765C2820ECB7E3004315AA /* Sources */ = {
			isa = PBXSourcesBuildPhase;
			buildActionMask = 2147483647;
			files = (
				B8765C3120ECB7E3004315AA /* EAIntroViewTests.m in Sources */,
			);
			runOnlyForDeploymentPostprocessing = 0;
		};
		B8765C3320ECB7E3004315AA /* Sources */ = {
			isa = PBXSourcesBuildPhase;
			buildActionMask = 2147483647;
			files = (
				B8765C3C20ECB7E3004315AA /* EAIntroViewUITests.m in Sources */,
			);
			runOnlyForDeploymentPostprocessing = 0;
		};
/* End PBXSourcesBuildPhase section */

/* Begin PBXTargetDependency section */
		B8765C2E20ECB7E3004315AA /* PBXTargetDependency */ = {
			isa = PBXTargetDependency;
			target = B8765C1320ECB7E2004315AA /* EAIntroView */;
			targetProxy = B8765C2D20ECB7E3004315AA /* PBXContainerItemProxy */;
		};
		B8765C3920ECB7E3004315AA /* PBXTargetDependency */ = {
			isa = PBXTargetDependency;
			target = B8765C1320ECB7E2004315AA /* EAIntroView */;
			targetProxy = B8765C3820ECB7E3004315AA /* PBXContainerItemProxy */;
		};
/* End PBXTargetDependency section */

/* Begin PBXVariantGroup section */
		B8765C1D20ECB7E2004315AA /* Main.storyboard */ = {
			isa = PBXVariantGroup;
			children = (
				B8765C1E20ECB7E2004315AA /* Base */,
			);
			name = Main.storyboard;
			sourceTree = "<group>";
		};
		B8765C2220ECB7E3004315AA /* LaunchScreen.storyboard */ = {
			isa = PBXVariantGroup;
			children = (
				B8765C2320ECB7E3004315AA /* Base */,
			);
			name = LaunchScreen.storyboard;
			sourceTree = "<group>";
		};
/* End PBXVariantGroup section */

/* Begin XCBuildConfiguration section */
		B8765C3E20ECB7E3004315AA /* Debug */ = {
			isa = XCBuildConfiguration;
			buildSettings = {
				ALWAYS_SEARCH_USER_PATHS = NO;
				CLANG_ANALYZER_NONNULL = YES;
				CLANG_ANALYZER_NUMBER_OBJECT_CONVERSION = YES_AGGRESSIVE;
				CLANG_CXX_LANGUAGE_STANDARD = "gnu++14";
				CLANG_CXX_LIBRARY = "libc++";
				CLANG_ENABLE_MODULES = YES;
				CLANG_ENABLE_OBJC_ARC = YES;
				CLANG_ENABLE_OBJC_WEAK = YES;
				CLANG_WARN_BLOCK_CAPTURE_AUTORELEASING = YES;
				CLANG_WARN_BOOL_CONVERSION = YES;
				CLANG_WARN_COMMA = YES;
				CLANG_WARN_CONSTANT_CONVERSION = YES;
				CLANG_WARN_DEPRECATED_OBJC_IMPLEMENTATIONS = YES;
				CLANG_WARN_DIRECT_OBJC_ISA_USAGE = YES_ERROR;
				CLANG_WARN_DOCUMENTATION_COMMENTS = YES;
				CLANG_WARN_EMPTY_BODY = YES;
				CLANG_WARN_ENUM_CONVERSION = YES;
				CLANG_WARN_INFINITE_RECURSION = YES;
				CLANG_WARN_INT_CONVERSION = YES;
				CLANG_WARN_NON_LITERAL_NULL_CONVERSION = YES;
				CLANG_WARN_OBJC_IMPLICIT_RETAIN_SELF = YES;
				CLANG_WARN_OBJC_LITERAL_CONVERSION = YES;
				CLANG_WARN_OBJC_ROOT_CLASS = YES_ERROR;
				CLANG_WARN_RANGE_LOOP_ANALYSIS = YES;
				CLANG_WARN_STRICT_PROTOTYPES = YES;
				CLANG_WARN_SUSPICIOUS_MOVE = YES;
				CLANG_WARN_UNGUARDED_AVAILABILITY = YES_AGGRESSIVE;
				CLANG_WARN_UNREACHABLE_CODE = YES;
				CLANG_WARN__DUPLICATE_METHOD_MATCH = YES;
				CODE_SIGN_IDENTITY = "iPhone Developer";
				COPY_PHASE_STRIP = NO;
				DEBUG_INFORMATION_FORMAT = dwarf;
				ENABLE_STRICT_OBJC_MSGSEND = YES;
				ENABLE_TESTABILITY = YES;
				GCC_C_LANGUAGE_STANDARD = gnu11;
				GCC_DYNAMIC_NO_PIC = NO;
				GCC_NO_COMMON_BLOCKS = YES;
				GCC_OPTIMIZATION_LEVEL = 0;
				GCC_PREPROCESSOR_DEFINITIONS = (
					"DEBUG=1",
					"$(inherited)",
				);
				GCC_WARN_64_TO_32_BIT_CONVERSION = YES;
				GCC_WARN_ABOUT_RETURN_TYPE = YES_ERROR;
				GCC_WARN_UNDECLARED_SELECTOR = YES;
				GCC_WARN_UNINITIALIZED_AUTOS = YES_AGGRESSIVE;
				GCC_WARN_UNUSED_FUNCTION = YES;
				GCC_WARN_UNUSED_VARIABLE = YES;
				IPHONEOS_DEPLOYMENT_TARGET = 11.4;
				MTL_ENABLE_DEBUG_INFO = YES;
				ONLY_ACTIVE_ARCH = YES;
				SDKROOT = iphoneos;
			};
			name = Debug;
		};
		B8765C3F20ECB7E3004315AA /* Release */ = {
			isa = XCBuildConfiguration;
			buildSettings = {
				ALWAYS_SEARCH_USER_PATHS = NO;
				CLANG_ANALYZER_NONNULL = YES;
				CLANG_ANALYZER_NUMBER_OBJECT_CONVERSION = YES_AGGRESSIVE;
				CLANG_CXX_LANGUAGE_STANDARD = "gnu++14";
				CLANG_CXX_LIBRARY = "libc++";
				CLANG_ENABLE_MODULES = YES;
				CLANG_ENABLE_OBJC_ARC = YES;
				CLANG_ENABLE_OBJC_WEAK = YES;
				CLANG_WARN_BLOCK_CAPTURE_AUTORELEASING = YES;
				CLANG_WARN_BOOL_CONVERSION = YES;
				CLANG_WARN_COMMA = YES;
				CLANG_WARN_CONSTANT_CONVERSION = YES;
				CLANG_WARN_DEPRECATED_OBJC_IMPLEMENTATIONS = YES;
				CLANG_WARN_DIRECT_OBJC_ISA_USAGE = YES_ERROR;
				CLANG_WARN_DOCUMENTATION_COMMENTS = YES;
				CLANG_WARN_EMPTY_BODY = YES;
				CLANG_WARN_ENUM_CONVERSION = YES;
				CLANG_WARN_INFINITE_RECURSION = YES;
				CLANG_WARN_INT_CONVERSION = YES;
				CLANG_WARN_NON_LITERAL_NULL_CONVERSION = YES;
				CLANG_WARN_OBJC_IMPLICIT_RETAIN_SELF = YES;
				CLANG_WARN_OBJC_LITERAL_CONVERSION = YES;
				CLANG_WARN_OBJC_ROOT_CLASS = YES_ERROR;
				CLANG_WARN_RANGE_LOOP_ANALYSIS = YES;
				CLANG_WARN_STRICT_PROTOTYPES = YES;
				CLANG_WARN_SUSPICIOUS_MOVE = YES;
				CLANG_WARN_UNGUARDED_AVAILABILITY = YES_AGGRESSIVE;
				CLANG_WARN_UNREACHABLE_CODE = YES;
				CLANG_WARN__DUPLICATE_METHOD_MATCH = YES;
				CODE_SIGN_IDENTITY = "iPhone Developer";
				COPY_PHASE_STRIP = NO;
				DEBUG_INFORMATION_FORMAT = "dwarf-with-dsym";
				ENABLE_NS_ASSERTIONS = NO;
				ENABLE_STRICT_OBJC_MSGSEND = YES;
				GCC_C_LANGUAGE_STANDARD = gnu11;
				GCC_NO_COMMON_BLOCKS = YES;
				GCC_WARN_64_TO_32_BIT_CONVERSION = YES;
				GCC_WARN_ABOUT_RETURN_TYPE = YES_ERROR;
				GCC_WARN_UNDECLARED_SELECTOR = YES;
				GCC_WARN_UNINITIALIZED_AUTOS = YES_AGGRESSIVE;
				GCC_WARN_UNUSED_FUNCTION = YES;
				GCC_WARN_UNUSED_VARIABLE = YES;
				IPHONEOS_DEPLOYMENT_TARGET = 11.4;
				MTL_ENABLE_DEBUG_INFO = NO;
				SDKROOT = iphoneos;
				VALIDATE_PRODUCT = YES;
			};
			name = Release;
		};
		B8765C4120ECB7E3004315AA /* Debug */ = {
			isa = XCBuildConfiguration;
			baseConfigurationReference = 9819294466D8F190C263A707 /* Pods-EAIntroView.debug.xcconfig */;
			buildSettings = {
				ASSETCATALOG_COMPILER_APPICON_NAME = AppIcon;
				CODE_SIGN_STYLE = Automatic;
				DEVELOPMENT_TEAM = FB83Z962R3;
				INFOPLIST_FILE = EAIntroView/Info.plist;
				IPHONEOS_DEPLOYMENT_TARGET = 9.0;
				LD_RUNPATH_SEARCH_PATHS = (
					"$(inherited)",
					"@executable_path/Frameworks",
				);
				PRODUCT_BUNDLE_IDENTIFIER = com.YYKJ.EAIntroView;
				PRODUCT_NAME = "$(TARGET_NAME)";
				TARGETED_DEVICE_FAMILY = "1,2";
			};
			name = Debug;
		};
		B8765C4220ECB7E3004315AA /* Release */ = {
			isa = XCBuildConfiguration;
			baseConfigurationReference = D8280BA9DF3E1917817F60DA /* Pods-EAIntroView.release.xcconfig */;
			buildSettings = {
				ASSETCATALOG_COMPILER_APPICON_NAME = AppIcon;
				CODE_SIGN_STYLE = Automatic;
				DEVELOPMENT_TEAM = FB83Z962R3;
				INFOPLIST_FILE = EAIntroView/Info.plist;
				IPHONEOS_DEPLOYMENT_TARGET = 9.0;
				LD_RUNPATH_SEARCH_PATHS = (
					"$(inherited)",
					"@executable_path/Frameworks",
				);
				PRODUCT_BUNDLE_IDENTIFIER = com.YYKJ.EAIntroView;
				PRODUCT_NAME = "$(TARGET_NAME)";
				TARGETED_DEVICE_FAMILY = "1,2";
			};
			name = Release;
		};
		B8765C4420ECB7E3004315AA /* Debug */ = {
			isa = XCBuildConfiguration;
			buildSettings = {
				BUNDLE_LOADER = "$(TEST_HOST)";
				CODE_SIGN_STYLE = Automatic;
				INFOPLIST_FILE = EAIntroViewTests/Info.plist;
				LD_RUNPATH_SEARCH_PATHS = (
					"$(inherited)",
					"@executable_path/Frameworks",
					"@loader_path/Frameworks",
				);
				PRODUCT_BUNDLE_IDENTIFIER = com.YYKJ.EAIntroViewTests;
				PRODUCT_NAME = "$(TARGET_NAME)";
				TARGETED_DEVICE_FAMILY = "1,2";
				TEST_HOST = "$(BUILT_PRODUCTS_DIR)/EAIntroView.app/EAIntroView";
			};
			name = Debug;
		};
		B8765C4520ECB7E3004315AA /* Release */ = {
			isa = XCBuildConfiguration;
			buildSettings = {
				BUNDLE_LOADER = "$(TEST_HOST)";
				CODE_SIGN_STYLE = Automatic;
				INFOPLIST_FILE = EAIntroViewTests/Info.plist;
				LD_RUNPATH_SEARCH_PATHS = (
					"$(inherited)",
					"@executable_path/Frameworks",
					"@loader_path/Frameworks",
				);
				PRODUCT_BUNDLE_IDENTIFIER = com.YYKJ.EAIntroViewTests;
				PRODUCT_NAME = "$(TARGET_NAME)";
				TARGETED_DEVICE_FAMILY = "1,2";
				TEST_HOST = "$(BUILT_PRODUCTS_DIR)/EAIntroView.app/EAIntroView";
			};
			name = Release;
		};
		B8765C4720ECB7E3004315AA /* Debug */ = {
			isa = XCBuildConfiguration;
			buildSettings = {
				CODE_SIGN_STYLE = Automatic;
				INFOPLIST_FILE = EAIntroViewUITests/Info.plist;
				LD_RUNPATH_SEARCH_PATHS = (
					"$(inherited)",
					"@executable_path/Frameworks",
					"@loader_path/Frameworks",
				);
				PRODUCT_BUNDLE_IDENTIFIER = com.YYKJ.EAIntroViewUITests;
				PRODUCT_NAME = "$(TARGET_NAME)";
				TARGETED_DEVICE_FAMILY = "1,2";
				TEST_TARGET_NAME = EAIntroView;
			};
			name = Debug;
		};
		B8765C4820ECB7E3004315AA /* Release */ = {
			isa = XCBuildConfiguration;
			buildSettings = {
				CODE_SIGN_STYLE = Automatic;
				INFOPLIST_FILE = EAIntroViewUITests/Info.plist;
				LD_RUNPATH_SEARCH_PATHS = (
					"$(inherited)",
					"@executable_path/Frameworks",
					"@loader_path/Frameworks",
				);
				PRODUCT_BUNDLE_IDENTIFIER = com.YYKJ.EAIntroViewUITests;
				PRODUCT_NAME = "$(TARGET_NAME)";
				TARGETED_DEVICE_FAMILY = "1,2";
				TEST_TARGET_NAME = EAIntroView;
			};
			name = Release;
		};
/* End XCBuildConfiguration section */

/* Begin XCConfigurationList section */
		B8765C0F20ECB7E2004315AA /* Build configuration list for PBXProject "EAIntroView" */ = {
			isa = XCConfigurationList;
			buildConfigurations = (
				B8765C3E20ECB7E3004315AA /* Debug */,
				B8765C3F20ECB7E3004315AA /* Release */,
			);
			defaultConfigurationIsVisible = 0;
			defaultConfigurationName = Release;
		};
		B8765C4020ECB7E3004315AA /* Build configuration list for PBXNativeTarget "EAIntroView" */ = {
			isa = XCConfigurationList;
			buildConfigurations = (
				B8765C4120ECB7E3004315AA /* Debug */,
				B8765C4220ECB7E3004315AA /* Release */,
			);
			defaultConfigurationIsVisible = 0;
			defaultConfigurationName = Release;
		};
		B8765C4320ECB7E3004315AA /* Build configuration list for PBXNativeTarget "EAIntroViewTests" */ = {
			isa = XCConfigurationList;
			buildConfigurations = (
				B8765C4420ECB7E3004315AA /* Debug */,
				B8765C4520ECB7E3004315AA /* Release */,
			);
			defaultConfigurationIsVisible = 0;
			defaultConfigurationName = Release;
		};
		B8765C4620ECB7E3004315AA /* Build configuration list for PBXNativeTarget "EAIntroViewUITests" */ = {
			isa = XCConfigurationList;
			buildConfigurations = (
				B8765C4720ECB7E3004315AA /* Debug */,
				B8765C4820ECB7E3004315AA /* Release */,
			);
			defaultConfigurationIsVisible = 0;
			defaultConfigurationName = Release;
		};
/* End XCConfigurationList section */
	};
	rootObject = B8765C0C20ECB7E2004315AA /* Project object */;
}
